
Microsoft Visual Studio Solution File, Format Version 12.00
# Visual Studio Version 16
VisualStudioVersion = 16.0.30517.126
MinimumVisualStudioVersion = 10.0.40219.1
Project("{FAE04EC0-301F-11D3-BF4B-00C04F79EFBC}") = "ColorsDB", "ColorsDB\ColorsDB.csproj", "{A336D2F4-83FE-4C92-B7F4-41A36F9436F7}"
EndProject
Global
	GlobalSection(SolutionConfigurationPlatforms) = preSolution
		Debug|Any CPU = Debug|Any CPU
		Release|Any CPU = Release|Any CPU
	EndGlobalSection
	GlobalSection(ProjectConfigurationPlatforms) = postSolution
		{A336D2F4-83FE-4C92-B7F4-41A36F9436F7}.Debug|Any CPU.ActiveCfg = Debug|Any CPU
		{A336D2F4-83FE-4C92-B7F4-41A36F9436F7}.Debug|Any CPU.Build.0 = Debug|Any CPU
		{A336D2F4-83FE-4C92-B7F4-41A36F9436F7}.Release|Any CPU.ActiveCfg = Release|Any CPU
		{A336D2F4-83FE-4C92-B7F4-41A36F9436F7}.Release|Any CPU.Build.0 = Release|Any CPU
	EndGlobalSection
	GlobalSection(SolutionProperties) = preSolution
		HideSolutionNode = FALSE
	EndGlobalSection
	GlobalSection(ExtensibilityGlobals) = postSolution
		SolutionGuid = {33FF0417-C838-4D9C-8816-9631AB151728}
	EndGlobalSection
EndGlobal
